
Microsoft Visual Studio Solution File, Format Version 12.00
# Visual Studio Version 17
VisualStudioVersion = 17.1.32210.238
MinimumVisualStudioVersion = 10.0.40219.1
Project("{FAE04EC0-301F-11D3-BF4B-00C04F79EFBC}") = "HW_Singleton_Chain of responsibility_Factory method", "HW_Singleton_Chain of responsibility_Factory method\HW_Singleton_Chain of responsibility_Factory method.csproj", "{D219AE1A-3E78-49C8-9419-7FF0A06FEFA9}"
EndProject
Global
	GlobalSection(SolutionConfigurationPlatforms) = preSolution
		Debug|Any CPU = Debug|Any CPU
		Release|Any CPU = Release|Any CPU
	EndGlobalSection
	GlobalSection(ProjectConfigurationPlatforms) = postSolution
		{D219AE1A-3E78-49C8-9419-7FF0A06FEFA9}.Debug|Any CPU.ActiveCfg = Debug|Any CPU
		{D219AE1A-3E78-49C8-9419-7FF0A06FEFA9}.Debug|Any CPU.Build.0 = Debug|Any CPU
		{D219AE1A-3E78-49C8-9419-7FF0A06FEFA9}.Release|Any CPU.ActiveCfg = Release|Any CPU
		{D219AE1A-3E78-49C8-9419-7FF0A06FEFA9}.Release|Any CPU.Build.0 = Release|Any CPU
	EndGlobalSection
	GlobalSection(SolutionProperties) = preSolution
		HideSolutionNode = FALSE
	EndGlobalSection
	GlobalSection(ExtensibilityGlobals) = postSolution
		SolutionGuid = {D25586F1-90E7-4DC5-900B-E77A2D49F1B6}
	EndGlobalSection
EndGlobal
